
Microsoft Visual Studio Solution File, Format Version 12.00
# Visual Studio Version 16
VisualStudioVersion = 16.0.32106.194
MinimumVisualStudioVersion = 10.0.40219.1
Project("{FAE04EC0-301F-11D3-BF4B-00C04F79EFBC}") = "MainFile", "MainFile.csproj", "{04D8B72D-62ED-4DEE-8468-68A619FF9C2A}"
EndProject
Global
	GlobalSection(SolutionConfigurationPlatforms) = preSolution
		Debug|Any CPU = Debug|Any CPU
		Release|Any CPU = Release|Any CPU
	EndGlobalSection
	GlobalSection(ProjectConfigurationPlatforms) = postSolution
		{04D8B72D-62ED-4DEE-8468-68A619FF9C2A}.Debug|Any CPU.ActiveCfg = Debug|Any CPU
		{04D8B72D-62ED-4DEE-8468-68A619FF9C2A}.Debug|Any CPU.Build.0 = Debug|Any CPU
		{04D8B72D-62ED-4DEE-8468-68A619FF9C2A}.Release|Any CPU.ActiveCfg = Release|Any CPU
		{04D8B72D-62ED-4DEE-8468-68A619FF9C2A}.Release|Any CPU.Build.0 = Release|Any CPU
	EndGlobalSection
	GlobalSection(SolutionProperties) = preSolution
		HideSolutionNode = FALSE
	EndGlobalSection
	GlobalSection(ExtensibilityGlobals) = postSolution
		SolutionGuid = {F0280624-9566-401F-983D-74575F98FE95}
	EndGlobalSection
EndGlobal
